// !$*UTF8*$!
{
	archiveVersion = 1;
	classes = {
	};
	objectVersion = 77;
	objects = {

/* Begin PBXBuildFile section */
		027A9C7FE57956074F77229D /* TokenizerLoader.swift in Sources */ = {isa = PBXBuildFile; fileRef = 8DBF5298EC8B0B81AF89019C /* TokenizerLoader.swift */; };
		02F04575BA38C8AAF591B6C2 /* t5_tokenizer.json in Resources */ = {isa = PBXBuildFile; fileRef = 12DDD5E1C624A51A586B866E /* t5_tokenizer.json */; };
		0A89B983F4DC0739BE8E3767 /* DiTFinalLayerExecutor.swift in Sources */ = {isa = PBXBuildFile; fileRef = 01AD706F60155A8CFAA47C9F /* DiTFinalLayerExecutor.swift */; };
		0CC965727D9BE3124B87BC36 /* DiTWeights.swift in Sources */ = {isa = PBXBuildFile; fileRef = 4D8B417D7B9040B477BC8CA5 /* DiTWeights.swift */; };
		1303514D8DBE7F84010B07A7 /* AnimaKernels.metal in Sources */ = {isa = PBXBuildFile; fileRef = 4C7A6A2DAA97C767D88AE25B /* AnimaKernels.metal */; };
		19655429A907FC60821F1867 /* RealPackDecoderTests.swift in Sources */ = {isa = PBXBuildFile; fileRef = 24AA7FDE4D5F416423C74125 /* RealPackDecoderTests.swift */; };
		1CE2D9C17323437A5B23EBF3 /* ReferenceTestsPlaceholder.swift in Sources */ = {isa = PBXBuildFile; fileRef = 745BAB5E53065E6639F8BEA2 /* ReferenceTestsPlaceholder.swift */; };
		1E52ED71A9AD8B33A91D049C /* Crc32.swift in Sources */ = {isa = PBXBuildFile; fileRef = 43FB54A2EC11428E9AFC19A4 /* Crc32.swift */; };
		21F05B3A1A0BB661716C0512 /* TokenizerParityTests.swift in Sources */ = {isa = PBXBuildFile; fileRef = 1A1319CA9D168F08F49BA3EB /* TokenizerParityTests.swift */; };
		22A697C29A4FE1F67A25D118 /* DitForward.swift in Sources */ = {isa = PBXBuildFile; fileRef = E29ABBFCD1EDD87F59CA9008 /* DitForward.swift */; };
		24E784492B6C7FD49E64D227 /* LinearExecutor.swift in Sources */ = {isa = PBXBuildFile; fileRef = A9346A85EC2056315DFCE66D /* LinearExecutor.swift */; };
		263D4D4D7FB4D3766DF07296 /* LLMAdapter.swift in Sources */ = {isa = PBXBuildFile; fileRef = 94BC4122B33299CE60424C44 /* LLMAdapter.swift */; };
		2AB966E0818F8C5953CC0DB0 /* DiTFinalLayerExecutorTests.swift in Sources */ = {isa = PBXBuildFile; fileRef = 9D7829F4398EB3A23033ECD8 /* DiTFinalLayerExecutorTests.swift */; };
		2BB3F23123E300162C938052 /* Hub in Frameworks */ = {isa = PBXBuildFile; productRef = A3FB76126987D0B653947E56 /* Hub */; };
		2F02983AD55700559562DA54 /* qwen_tokenizer.json in Resources */ = {isa = PBXBuildFile; fileRef = F28A65A79E0706DF0F0D5AB2 /* qwen_tokenizer.json */; };
		30116E9CBC6BF3DBEA66C41E /* ContentView.swift in Sources */ = {isa = PBXBuildFile; fileRef = 4C8E968875980A2C9ACC94E5 /* ContentView.swift */; };
		36DCBB069B8AE8C6D90A5115 /* LinearExecutorTests.swift in Sources */ = {isa = PBXBuildFile; fileRef = E00F7AC0D57A13E91CB5F434 /* LinearExecutorTests.swift */; };
		473AE0F68178293C9A58882C /* AttentionExecutor.swift in Sources */ = {isa = PBXBuildFile; fileRef = F3F286C454EBE7A92C592214 /* AttentionExecutor.swift */; };
		47ABE68F485121B325537344 /* DiTInput.swift in Sources */ = {isa = PBXBuildFile; fileRef = 6EBD5ADCDE21EF89090D0058 /* DiTInput.swift */; };
		4CF42C1FB7991B03E9360B0D /* DitRoPE.swift in Sources */ = {isa = PBXBuildFile; fileRef = 63D78F224C62E12AE65A076F /* DitRoPE.swift */; };
		5506617DD3116BF72E8154BD /* QuantDecoders.swift in Sources */ = {isa = PBXBuildFile; fileRef = 7A12B10FC621499B2CA281B3 /* QuantDecoders.swift */; };
		556D3B10877CD4D85A9D4D9F /* TestPackFactory.swift in Sources */ = {isa = PBXBuildFile; fileRef = 830D15B6FF7E37A06B2C08B2 /* TestPackFactory.swift */; };
		5A84CFBB6B28FE55EBE82D86 /* AnimapkParsingTests.swift in Sources */ = {isa = PBXBuildFile; fileRef = 1506F4F789C146E6B646F18C /* AnimapkParsingTests.swift */; };
		5D62EA8796701F40539F86DA /* SmokeTests.swift in Sources */ = {isa = PBXBuildFile; fileRef = DD10CAEE3E25726CE527243D /* SmokeTests.swift */; };
		5EE94D1820B6B114D1B66907 /* DiTBlockExecutor.swift in Sources */ = {isa = PBXBuildFile; fileRef = 8CFF9A853F1AA6ED02BB86D8 /* DiTBlockExecutor.swift */; };
		6047DFE4E9621A2084E5679B /* AnimapkHeader.swift in Sources */ = {isa = PBXBuildFile; fileRef = 0F9C4BE87CB32EE0326FB3E4 /* AnimapkHeader.swift */; };
		6534C4B5076F415D14D07AA2 /* TimestepEmbedderTests.swift in Sources */ = {isa = PBXBuildFile; fileRef = D08BB48D952EAD6537D49B5E /* TimestepEmbedderTests.swift */; };
		71B669F9AF60FB45E4842F57 /* t5_special_tokens_map.json in Resources */ = {isa = PBXBuildFile; fileRef = 67B56E4FB7D12CC1F63A52F9 /* t5_special_tokens_map.json */; };
		7387F6A165EC6A2781B76716 /* ModulationTests.swift in Sources */ = {isa = PBXBuildFile; fileRef = 14DA44DE36980DC498AB4B99 /* ModulationTests.swift */; };
		774F60C7B433299EA6C55C9B /* DiTInputTests.swift in Sources */ = {isa = PBXBuildFile; fileRef = 28C2E8E80AFBE05DB0577977 /* DiTInputTests.swift */; };
		79E4DFD6600B4D04E8C93CD6 /* TestExtensions.swift in Sources */ = {isa = PBXBuildFile; fileRef = FC3BA5B832C616E518D657FC /* TestExtensions.swift */; };
		7CD76E6444C119FE1BDBC89F /* AnimaXSApp.swift in Sources */ = {isa = PBXBuildFile; fileRef = 0D9CD1A114D528F42F21C527 /* AnimaXSApp.swift */; };
		7DB2CBB89F9ABC72D09B6089 /* LLMAdapterTests.swift in Sources */ = {isa = PBXBuildFile; fileRef = C509546307CB21BE0D1A9146 /* LLMAdapterTests.swift */; };
		7E991650CBABF20B20E112AE /* AnimapkTensor.swift in Sources */ = {isa = PBXBuildFile; fileRef = C416E0528D650EED48130A92 /* AnimapkTensor.swift */; };
		869CE73742B23D7225305BC1 /* ModelConstants.swift in Sources */ = {isa = PBXBuildFile; fileRef = 684C63379028C718819607CA /* ModelConstants.swift */; };
		89975ACE65D7BB793965DA7B /* QuantDecoderTests.swift in Sources */ = {isa = PBXBuildFile; fileRef = 2ED51EC9A960D08D2A6835BB /* QuantDecoderTests.swift */; };
		8E5DA5D7D9950B728513D3E5 /* GqaHeadMappingTests.swift in Sources */ = {isa = PBXBuildFile; fileRef = D2D891A141A49EBC60BDB3DA /* GqaHeadMappingTests.swift */; };
		8F07F57A8F85D199B51B2F3C /* AnimapkRangeLocator.swift in Sources */ = {isa = PBXBuildFile; fileRef = 0C22C2203066EFC03BF7FB83 /* AnimapkRangeLocator.swift */; };
		914187C1B6254DDCA7ED3C32 /* QwenNumerics.swift in Sources */ = {isa = PBXBuildFile; fileRef = E0EFD572B87262AE5AAEB996 /* QwenNumerics.swift */; };
		938A4049C06BE05E39F6BCC1 /* MetalContext.swift in Sources */ = {isa = PBXBuildFile; fileRef = 3F6A1853CF522E32A3743ACB /* MetalContext.swift */; };
		AD481E2836797AA5BE0359AA /* WeightStreamer.swift in Sources */ = {isa = PBXBuildFile; fileRef = 0B8E57358726DCBA4B39C22A /* WeightStreamer.swift */; };
		AF5BAAFDACD2451A4B01C9E4 /* DitRoPETests.swift in Sources */ = {isa = PBXBuildFile; fileRef = 38E139072D28862327122F48 /* DitRoPETests.swift */; };
		B1F8396CD4627BF03101D935 /* case1_danbooru_seed1337_fixture.json in Resources */ = {isa = PBXBuildFile; fileRef = 929D59E59198EBA4F4C291AC /* case1_danbooru_seed1337_fixture.json */; };
		B31B0A2D248ABF6D51FE0F55 /* AnimapkRangeLocatorTests.swift in Sources */ = {isa = PBXBuildFile; fileRef = 7EEF412C70729BC71E9544B8 /* AnimapkRangeLocatorTests.swift */; };
		BD81C9C99347181C9AB1E4B2 /* DiTBlockCPU.swift in Sources */ = {isa = PBXBuildFile; fileRef = 1BA93420FE0BF5285E6DBB6D /* DiTBlockCPU.swift */; };
		BF1511FA336984DB3696C3E4 /* t5_tokenizer_config.json in Resources */ = {isa = PBXBuildFile; fileRef = FA4C64A421E46C82C2311767 /* t5_tokenizer_config.json */; };
		C11949003CD5B39806C65EA3 /* tokenizer_reference_ids.json in Resources */ = {isa = PBXBuildFile; fileRef = CCD024BBBC7CB75E037214B8 /* tokenizer_reference_ids.json */; };
		C34BFD1164209CD709A5A9F8 /* AttentionExecutorTests.swift in Sources */ = {isa = PBXBuildFile; fileRef = 347EF3EF52DB8E567909B2D3 /* AttentionExecutorTests.swift */; };
		C4484A695C46B97717819332 /* Tokenizers in Frameworks */ = {isa = PBXBuildFile; productRef = 594D2C66F916CBD132EA5517 /* Tokenizers */; };
		CC5F144445E89AD37FF24021 /* Modulation.swift in Sources */ = {isa = PBXBuildFile; fileRef = 52E7305B1912F5357ACCAEE5 /* Modulation.swift */; };
		CFD7E41C92A70D6B5ED05B8A /* DiTBlockTests.swift in Sources */ = {isa = PBXBuildFile; fileRef = 8DC1D4D21EFBA6FA29D885A7 /* DiTBlockTests.swift */; };
		D49309A80BBD9F702F9E71A8 /* TimestepEmbedder.swift in Sources */ = {isa = PBXBuildFile; fileRef = 0D7DEF4C7D7998D60A743925 /* TimestepEmbedder.swift */; };
		E4237CF411C2158613158D83 /* DiTBlockExecutorTests.swift in Sources */ = {isa = PBXBuildFile; fileRef = 3F14B5397CD1B2C4DE3D41CB /* DiTBlockExecutorTests.swift */; };
		E8B287C14227EAB23ED6D5DB /* QwenEncoderCPU.swift in Sources */ = {isa = PBXBuildFile; fileRef = 8094627F9958515821CFE276 /* QwenEncoderCPU.swift */; };
		E97696F3A4744A08C6A895BF /* MetalExecutionTests.swift in Sources */ = {isa = PBXBuildFile; fileRef = 3DE378A333F7F589CD183A9A /* MetalExecutionTests.swift */; };
		EEB3C16094E91013C9ABB9CA /* MappedFile.swift in Sources */ = {isa = PBXBuildFile; fileRef = 9DA452A409BF52C73769318E /* MappedFile.swift */; };
		EED314EA6D67446AAFE181EC /* README.md in Resources */ = {isa = PBXBuildFile; fileRef = 220DB7AE4DC9E7B009A9C5DF /* README.md */; };
		FC52DE8FE0010D498F008967 /* AnimapkFile.swift in Sources */ = {isa = PBXBuildFile; fileRef = D576867ECC53CBF14CC30F79 /* AnimapkFile.swift */; };
/* End PBXBuildFile section */

/* Begin PBXContainerItemProxy section */
		6B0F7F23BBC82712489468E6 /* PBXContainerItemProxy */ = {
			isa = PBXContainerItemProxy;
			containerPortal = 4733305365B2F4FD489C2937 /* Project object */;
			proxyType = 1;
			remoteGlobalIDString = E0AB95B487E4C4F359399D9D;
			remoteInfo = AnimaXS;
		};
/* End PBXContainerItemProxy section */

/* Begin PBXFileReference section */
		01AD706F60155A8CFAA47C9F /* DiTFinalLayerExecutor.swift */ = {isa = PBXFileReference; lastKnownFileType = sourcecode.swift; path = DiTFinalLayerExecutor.swift; sourceTree = "<group>"; };
		0B8E57358726DCBA4B39C22A /* WeightStreamer.swift */ = {isa = PBXFileReference; lastKnownFileType = sourcecode.swift; path = WeightStreamer.swift; sourceTree = "<group>"; };
		0C22C2203066EFC03BF7FB83 /* AnimapkRangeLocator.swift */ = {isa = PBXFileReference; lastKnownFileType = sourcecode.swift; path = AnimapkRangeLocator.swift; sourceTree = "<group>"; };
		0D7DEF4C7D7998D60A743925 /* TimestepEmbedder.swift */ = {isa = PBXFileReference; lastKnownFileType = sourcecode.swift; path = TimestepEmbedder.swift; sourceTree = "<group>"; };
		0D9CD1A114D528F42F21C527 /* AnimaXSApp.swift */ = {isa = PBXFileReference; lastKnownFileType = sourcecode.swift; path = AnimaXSApp.swift; sourceTree = "<group>"; };
		0F9C4BE87CB32EE0326FB3E4 /* AnimapkHeader.swift */ = {isa = PBXFileReference; lastKnownFileType = sourcecode.swift; path = AnimapkHeader.swift; sourceTree = "<group>"; };
		12DDD5E1C624A51A586B866E /* t5_tokenizer.json */ = {isa = PBXFileReference; lastKnownFileType = text.json; path = t5_tokenizer.json; sourceTree = "<group>"; };
		14DA44DE36980DC498AB4B99 /* ModulationTests.swift */ = {isa = PBXFileReference; lastKnownFileType = sourcecode.swift; path = ModulationTests.swift; sourceTree = "<group>"; };
		1506F4F789C146E6B646F18C /* AnimapkParsingTests.swift */ = {isa = PBXFileReference; lastKnownFileType = sourcecode.swift; path = AnimapkParsingTests.swift; sourceTree = "<group>"; };
		1A1319CA9D168F08F49BA3EB /* TokenizerParityTests.swift */ = {isa = PBXFileReference; lastKnownFileType = sourcecode.swift; path = TokenizerParityTests.swift; sourceTree = "<group>"; };
		1BA93420FE0BF5285E6DBB6D /* DiTBlockCPU.swift */ = {isa = PBXFileReference; lastKnownFileType = sourcecode.swift; path = DiTBlockCPU.swift; sourceTree = "<group>"; };
		220DB7AE4DC9E7B009A9C5DF /* README.md */ = {isa = PBXFileReference; lastKnownFileType = net.daringfireball.markdown; path = README.md; sourceTree = "<group>"; };
		24AA7FDE4D5F416423C74125 /* RealPackDecoderTests.swift */ = {isa = PBXFileReference; lastKnownFileType = sourcecode.swift; path = RealPackDecoderTests.swift; sourceTree = "<group>"; };
		28C2E8E80AFBE05DB0577977 /* DiTInputTests.swift */ = {isa = PBXFileReference; lastKnownFileType = sourcecode.swift; path = DiTInputTests.swift; sourceTree = "<group>"; };
		2ED51EC9A960D08D2A6835BB /* QuantDecoderTests.swift */ = {isa = PBXFileReference; lastKnownFileType = sourcecode.swift; path = QuantDecoderTests.swift; sourceTree = "<group>"; };
		347EF3EF52DB8E567909B2D3 /* AttentionExecutorTests.swift */ = {isa = PBXFileReference; lastKnownFileType = sourcecode.swift; path = AttentionExecutorTests.swift; sourceTree = "<group>"; };
		38E139072D28862327122F48 /* DitRoPETests.swift */ = {isa = PBXFileReference; lastKnownFileType = sourcecode.swift; path = DitRoPETests.swift; sourceTree = "<group>"; };
		3DE378A333F7F589CD183A9A /* MetalExecutionTests.swift */ = {isa = PBXFileReference; lastKnownFileType = sourcecode.swift; path = MetalExecutionTests.swift; sourceTree = "<group>"; };
		3F14B5397CD1B2C4DE3D41CB /* DiTBlockExecutorTests.swift */ = {isa = PBXFileReference; lastKnownFileType = sourcecode.swift; path = DiTBlockExecutorTests.swift; sourceTree = "<group>"; };
		3F6A1853CF522E32A3743ACB /* MetalContext.swift */ = {isa = PBXFileReference; lastKnownFileType = sourcecode.swift; path = MetalContext.swift; sourceTree = "<group>"; };
		43FB54A2EC11428E9AFC19A4 /* Crc32.swift */ = {isa = PBXFileReference; lastKnownFileType = sourcecode.swift; path = Crc32.swift; sourceTree = "<group>"; };
		4C7A6A2DAA97C767D88AE25B /* AnimaKernels.metal */ = {isa = PBXFileReference; lastKnownFileType = sourcecode.metal; path = AnimaKernels.metal; sourceTree = "<group>"; };
		4C8E968875980A2C9ACC94E5 /* ContentView.swift */ = {isa = PBXFileReference; lastKnownFileType = sourcecode.swift; path = ContentView.swift; sourceTree = "<group>"; };
		4D8B417D7B9040B477BC8CA5 /* DiTWeights.swift */ = {isa = PBXFileReference; lastKnownFileType = sourcecode.swift; path = DiTWeights.swift; sourceTree = "<group>"; };
		52E7305B1912F5357ACCAEE5 /* Modulation.swift */ = {isa = PBXFileReference; lastKnownFileType = sourcecode.swift; path = Modulation.swift; sourceTree = "<group>"; };
		63D78F224C62E12AE65A076F /* DitRoPE.swift */ = {isa = PBXFileReference; lastKnownFileType = sourcecode.swift; path = DitRoPE.swift; sourceTree = "<group>"; };
		67B56E4FB7D12CC1F63A52F9 /* t5_special_tokens_map.json */ = {isa = PBXFileReference; lastKnownFileType = text.json; path = t5_special_tokens_map.json; sourceTree = "<group>"; };
		684C63379028C718819607CA /* ModelConstants.swift */ = {isa = PBXFileReference; lastKnownFileType = sourcecode.swift; path = ModelConstants.swift; sourceTree = "<group>"; };
		6EBD5ADCDE21EF89090D0058 /* DiTInput.swift */ = {isa = PBXFileReference; lastKnownFileType = sourcecode.swift; path = DiTInput.swift; sourceTree = "<group>"; };
		745BAB5E53065E6639F8BEA2 /* ReferenceTestsPlaceholder.swift */ = {isa = PBXFileReference; lastKnownFileType = sourcecode.swift; path = ReferenceTestsPlaceholder.swift; sourceTree = "<group>"; };
		7A12B10FC621499B2CA281B3 /* QuantDecoders.swift */ = {isa = PBXFileReference; lastKnownFileType = sourcecode.swift; path = QuantDecoders.swift; sourceTree = "<group>"; };
		7EEF412C70729BC71E9544B8 /* AnimapkRangeLocatorTests.swift */ = {isa = PBXFileReference; lastKnownFileType = sourcecode.swift; path = AnimapkRangeLocatorTests.swift; sourceTree = "<group>"; };
		8094627F9958515821CFE276 /* QwenEncoderCPU.swift */ = {isa = PBXFileReference; lastKnownFileType = sourcecode.swift; path = QwenEncoderCPU.swift; sourceTree = "<group>"; };
		830D15B6FF7E37A06B2C08B2 /* TestPackFactory.swift */ = {isa = PBXFileReference; lastKnownFileType = sourcecode.swift; path = TestPackFactory.swift; sourceTree = "<group>"; };
		8CFF9A853F1AA6ED02BB86D8 /* DiTBlockExecutor.swift */ = {isa = PBXFileReference; lastKnownFileType = sourcecode.swift; path = DiTBlockExecutor.swift; sourceTree = "<group>"; };
		8DBF5298EC8B0B81AF89019C /* TokenizerLoader.swift */ = {isa = PBXFileReference; lastKnownFileType = sourcecode.swift; path = TokenizerLoader.swift; sourceTree = "<group>"; };
		8DC1D4D21EFBA6FA29D885A7 /* DiTBlockTests.swift */ = {isa = PBXFileReference; lastKnownFileType = sourcecode.swift; path = DiTBlockTests.swift; sourceTree = "<group>"; };
		929D59E59198EBA4F4C291AC /* case1_danbooru_seed1337_fixture.json */ = {isa = PBXFileReference; lastKnownFileType = text.json; path = case1_danbooru_seed1337_fixture.json; sourceTree = "<group>"; };
		94BC4122B33299CE60424C44 /* LLMAdapter.swift */ = {isa = PBXFileReference; lastKnownFileType = sourcecode.swift; path = LLMAdapter.swift; sourceTree = "<group>"; };
		9D7829F4398EB3A23033ECD8 /* DiTFinalLayerExecutorTests.swift */ = {isa = PBXFileReference; lastKnownFileType = sourcecode.swift; path = DiTFinalLayerExecutorTests.swift; sourceTree = "<group>"; };
		9DA452A409BF52C73769318E /* MappedFile.swift */ = {isa = PBXFileReference; lastKnownFileType = sourcecode.swift; path = MappedFile.swift; sourceTree = "<group>"; };
		A9346A85EC2056315DFCE66D /* LinearExecutor.swift */ = {isa = PBXFileReference; lastKnownFileType = sourcecode.swift; path = LinearExecutor.swift; sourceTree = "<group>"; };
		C416E0528D650EED48130A92 /* AnimapkTensor.swift */ = {isa = PBXFileReference; lastKnownFileType = sourcecode.swift; path = AnimapkTensor.swift; sourceTree = "<group>"; };
		C509546307CB21BE0D1A9146 /* LLMAdapterTests.swift */ = {isa = PBXFileReference; lastKnownFileType = sourcecode.swift; path = LLMAdapterTests.swift; sourceTree = "<group>"; };
		CCD024BBBC7CB75E037214B8 /* tokenizer_reference_ids.json */ = {isa = PBXFileReference; lastKnownFileType = text.json; path = tokenizer_reference_ids.json; sourceTree = "<group>"; };
		D08BB48D952EAD6537D49B5E /* TimestepEmbedderTests.swift */ = {isa = PBXFileReference; lastKnownFileType = sourcecode.swift; path = TimestepEmbedderTests.swift; sourceTree = "<group>"; };
		D2D891A141A49EBC60BDB3DA /* GqaHeadMappingTests.swift */ = {isa = PBXFileReference; lastKnownFileType = sourcecode.swift; path = GqaHeadMappingTests.swift; sourceTree = "<group>"; };
		D576867ECC53CBF14CC30F79 /* AnimapkFile.swift */ = {isa = PBXFileReference; lastKnownFileType = sourcecode.swift; path = AnimapkFile.swift; sourceTree = "<group>"; };
		D8E235B12BDFBC6DCA8B439E /* AnimaXS.app */ = {isa = PBXFileReference; includeInIndex = 0; lastKnownFileType = wrapper.application; path = AnimaXS.app; sourceTree = BUILT_PRODUCTS_DIR; };
		DD10CAEE3E25726CE527243D /* SmokeTests.swift */ = {isa = PBXFileReference; lastKnownFileType = sourcecode.swift; path = SmokeTests.swift; sourceTree = "<group>"; };
		E00F7AC0D57A13E91CB5F434 /* LinearExecutorTests.swift */ = {isa = PBXFileReference; lastKnownFileType = sourcecode.swift; path = LinearExecutorTests.swift; sourceTree = "<group>"; };
		E0EFD572B87262AE5AAEB996 /* QwenNumerics.swift */ = {isa = PBXFileReference; lastKnownFileType = sourcecode.swift; path = QwenNumerics.swift; sourceTree = "<group>"; };
		E26E470D56048A5E382959A7 /* AnimaXSTests.xctest */ = {isa = PBXFileReference; includeInIndex = 0; lastKnownFileType = wrapper.cfbundle; path = AnimaXSTests.xctest; sourceTree = BUILT_PRODUCTS_DIR; };
		E29ABBFCD1EDD87F59CA9008 /* DitForward.swift */ = {isa = PBXFileReference; lastKnownFileType = sourcecode.swift; path = DitForward.swift; sourceTree = "<group>"; };
		EFA18C3237EA1D76A8C2CB94 /* Info.plist */ = {isa = PBXFileReference; lastKnownFileType = text.plist; path = Info.plist; sourceTree = "<group>"; };
		F28A65A79E0706DF0F0D5AB2 /* qwen_tokenizer.json */ = {isa = PBXFileReference; lastKnownFileType = text.json; path = qwen_tokenizer.json; sourceTree = "<group>"; };
		F3F286C454EBE7A92C592214 /* AttentionExecutor.swift */ = {isa = PBXFileReference; lastKnownFileType = sourcecode.swift; path = AttentionExecutor.swift; sourceTree = "<group>"; };
		FA4C64A421E46C82C2311767 /* t5_tokenizer_config.json */ = {isa = PBXFileReference; lastKnownFileType = text.json; path = t5_tokenizer_config.json; sourceTree = "<group>"; };
		FC3BA5B832C616E518D657FC /* TestExtensions.swift */ = {isa = PBXFileReference; lastKnownFileType = sourcecode.swift; path = TestExtensions.swift; sourceTree = "<group>"; };
/* End PBXFileReference section */

/* Begin PBXFrameworksBuildPhase section */
		68C49B106B9AE4DF2693592D /* Frameworks */ = {
			isa = PBXFrameworksBuildPhase;
			buildActionMask = 2147483647;
			files = (
				C4484A695C46B97717819332 /* Tokenizers in Frameworks */,
				2BB3F23123E300162C938052 /* Hub in Frameworks */,
			);
			runOnlyForDeploymentPostprocessing = 0;
		};
/* End PBXFrameworksBuildPhase section */

/* Begin PBXGroup section */
		050C4FD7742F731394068190 /* Animapk */ = {
			isa = PBXGroup;
			children = (
				D576867ECC53CBF14CC30F79 /* AnimapkFile.swift */,
				0F9C4BE87CB32EE0326FB3E4 /* AnimapkHeader.swift */,
				0C22C2203066EFC03BF7FB83 /* AnimapkRangeLocator.swift */,
				C416E0528D650EED48130A92 /* AnimapkTensor.swift */,
				43FB54A2EC11428E9AFC19A4 /* Crc32.swift */,
				9DA452A409BF52C73769318E /* MappedFile.swift */,
				7A12B10FC621499B2CA281B3 /* QuantDecoders.swift */,
			);
			path = Animapk;
			sourceTree = "<group>";
		};
		1F88044D4A8DADCE956D8301 /* Products */ = {
			isa = PBXGroup;
			children = (
				D8E235B12BDFBC6DCA8B439E /* AnimaXS.app */,
				E26E470D56048A5E382959A7 /* AnimaXSTests.xctest */,
			);
			name = Products;
			sourceTree = "<group>";
		};
		6524648BBA022DD295EB8F51 /* App */ = {
			isa = PBXGroup;
			children = (
				0D9CD1A114D528F42F21C527 /* AnimaXSApp.swift */,
				4C8E968875980A2C9ACC94E5 /* ContentView.swift */,
			);
			path = App;
			sourceTree = "<group>";
		};
		6EE0DC88EAA782438F9E7217 /* AnimaXS */ = {
			isa = PBXGroup;
			children = (
				EFA18C3237EA1D76A8C2CB94 /* Info.plist */,
				6524648BBA022DD295EB8F51 /* App */,
				887036D8E2A1A0017DA5BA1F /* Resources */,
				781BD54167F9F29EE7367307 /* Runtime */,
				B1C81774FC3BF5323861B98C /* Shaders */,
			);
			path = AnimaXS;
			sourceTree = "<group>";
		};
		781BD54167F9F29EE7367307 /* Runtime */ = {
			isa = PBXGroup;
			children = (
				050C4FD7742F731394068190 /* Animapk */,
				9D03EB80B5F6548BFFD3456B /* Generation */,
				C3A550BE880CA62DBCC3BFF4 /* Metal */,
				8A48E27B74EE38F1C7DF8E71 /* Text */,
			);
			path = Runtime;
			sourceTree = "<group>";
		};
		7B14170E7B42897CE5D8540B /* Support */ = {
			isa = PBXGroup;
			children = (
				FC3BA5B832C616E518D657FC /* TestExtensions.swift */,
				830D15B6FF7E37A06B2C08B2 /* TestPackFactory.swift */,
			);
			path = Support;
			sourceTree = "<group>";
		};
		887036D8E2A1A0017DA5BA1F /* Resources */ = {
			isa = PBXGroup;
			children = (
				961585EF32A8F1E824C6F33A /* Tokenizers */,
			);
			path = Resources;
			sourceTree = "<group>";
		};
		8A48E27B74EE38F1C7DF8E71 /* Text */ = {
			isa = PBXGroup;
			children = (
				1BA93420FE0BF5285E6DBB6D /* DiTBlockCPU.swift */,
				6EBD5ADCDE21EF89090D0058 /* DiTInput.swift */,
				63D78F224C62E12AE65A076F /* DitRoPE.swift */,
				4D8B417D7B9040B477BC8CA5 /* DiTWeights.swift */,
				94BC4122B33299CE60424C44 /* LLMAdapter.swift */,
				52E7305B1912F5357ACCAEE5 /* Modulation.swift */,
				8094627F9958515821CFE276 /* QwenEncoderCPU.swift */,
				E0EFD572B87262AE5AAEB996 /* QwenNumerics.swift */,
				0D7DEF4C7D7998D60A743925 /* TimestepEmbedder.swift */,
				8DBF5298EC8B0B81AF89019C /* TokenizerLoader.swift */,
			);
			path = Text;
			sourceTree = "<group>";
		};
		961585EF32A8F1E824C6F33A /* Tokenizers */ = {
			isa = PBXGroup;
			children = (
				F28A65A79E0706DF0F0D5AB2 /* qwen_tokenizer.json */,
				220DB7AE4DC9E7B009A9C5DF /* README.md */,
				67B56E4FB7D12CC1F63A52F9 /* t5_special_tokens_map.json */,
				FA4C64A421E46C82C2311767 /* t5_tokenizer_config.json */,
				12DDD5E1C624A51A586B866E /* t5_tokenizer.json */,
			);
			path = Tokenizers;
			sourceTree = "<group>";
		};
		9D03EB80B5F6548BFFD3456B /* Generation */ = {
			isa = PBXGroup;
			children = (
				684C63379028C718819607CA /* ModelConstants.swift */,
			);
			path = Generation;
			sourceTree = "<group>";
		};
		A6B41806264C493292764B9B = {
			isa = PBXGroup;
			children = (
				6EE0DC88EAA782438F9E7217 /* AnimaXS */,
				FF9E33DBE1A99A3FEA662C7A /* AnimaXSTests */,
				1F88044D4A8DADCE956D8301 /* Products */,
			);
			sourceTree = "<group>";
		};
		B1C81774FC3BF5323861B98C /* Shaders */ = {
			isa = PBXGroup;
			children = (
				4C7A6A2DAA97C767D88AE25B /* AnimaKernels.metal */,
			);
			path = Shaders;
			sourceTree = "<group>";
		};
		C1AF906B806B069AFE8824C2 /* Fixtures */ = {
			isa = PBXGroup;
			children = (
				929D59E59198EBA4F4C291AC /* case1_danbooru_seed1337_fixture.json */,
				CCD024BBBC7CB75E037214B8 /* tokenizer_reference_ids.json */,
			);
			path = Fixtures;
			sourceTree = "<group>";
		};
		C3A550BE880CA62DBCC3BFF4 /* Metal */ = {
			isa = PBXGroup;
			children = (
				F3F286C454EBE7A92C592214 /* AttentionExecutor.swift */,
				8CFF9A853F1AA6ED02BB86D8 /* DiTBlockExecutor.swift */,
				01AD706F60155A8CFAA47C9F /* DiTFinalLayerExecutor.swift */,
				E29ABBFCD1EDD87F59CA9008 /* DitForward.swift */,
				A9346A85EC2056315DFCE66D /* LinearExecutor.swift */,
				3F6A1853CF522E32A3743ACB /* MetalContext.swift */,
				0B8E57358726DCBA4B39C22A /* WeightStreamer.swift */,
			);
			path = Metal;
			sourceTree = "<group>";
		};
		FF9E33DBE1A99A3FEA662C7A /* AnimaXSTests */ = {
			isa = PBXGroup;
			children = (
				1506F4F789C146E6B646F18C /* AnimapkParsingTests.swift */,
				7EEF412C70729BC71E9544B8 /* AnimapkRangeLocatorTests.swift */,
				347EF3EF52DB8E567909B2D3 /* AttentionExecutorTests.swift */,
				3F14B5397CD1B2C4DE3D41CB /* DiTBlockExecutorTests.swift */,
				8DC1D4D21EFBA6FA29D885A7 /* DiTBlockTests.swift */,
				9D7829F4398EB3A23033ECD8 /* DiTFinalLayerExecutorTests.swift */,
				28C2E8E80AFBE05DB0577977 /* DiTInputTests.swift */,
				38E139072D28862327122F48 /* DitRoPETests.swift */,
				D2D891A141A49EBC60BDB3DA /* GqaHeadMappingTests.swift */,
				E00F7AC0D57A13E91CB5F434 /* LinearExecutorTests.swift */,
				C509546307CB21BE0D1A9146 /* LLMAdapterTests.swift */,
				3DE378A333F7F589CD183A9A /* MetalExecutionTests.swift */,
				14DA44DE36980DC498AB4B99 /* ModulationTests.swift */,
				2ED51EC9A960D08D2A6835BB /* QuantDecoderTests.swift */,
				24AA7FDE4D5F416423C74125 /* RealPackDecoderTests.swift */,
				745BAB5E53065E6639F8BEA2 /* ReferenceTestsPlaceholder.swift */,
				DD10CAEE3E25726CE527243D /* SmokeTests.swift */,
				D08BB48D952EAD6537D49B5E /* TimestepEmbedderTests.swift */,
				1A1319CA9D168F08F49BA3EB /* TokenizerParityTests.swift */,
				C1AF906B806B069AFE8824C2 /* Fixtures */,
				7B14170E7B42897CE5D8540B /* Support */,
			);
			path = AnimaXSTests;
			sourceTree = "<group>";
		};
/* End PBXGroup section */

/* Begin PBXNativeTarget section */
		31743B0CCE4C53F8C84CDC93 /* AnimaXSTests */ = {
			isa = PBXNativeTarget;
			buildConfigurationList = 9C02DE68F583127599884A97 /* Build configuration list for PBXNativeTarget "AnimaXSTests" */;
			buildPhases = (
				7760847BCFE8B328DA7DDC64 /* Sources */,
				7177F1284E76441C5F1A771E /* Resources */,
			);
			buildRules = (
			);
			dependencies = (
				F74245E961E823BFE12E7C9B /* PBXTargetDependency */,
			);
			name = AnimaXSTests;
			packageProductDependencies = (
			);
			productName = AnimaXSTests;
			productReference = E26E470D56048A5E382959A7 /* AnimaXSTests.xctest */;
			productType = "com.apple.product-type.bundle.unit-test";
		};
		E0AB95B487E4C4F359399D9D /* AnimaXS */ = {
			isa = PBXNativeTarget;
			buildConfigurationList = D69BD707899E1D6E005EF3D8 /* Build configuration list for PBXNativeTarget "AnimaXS" */;
			buildPhases = (
				BAAFC4E5A4001B6329DC9211 /* Sources */,
				79A2CBBEA072F0D9052C5053 /* Resources */,
				68C49B106B9AE4DF2693592D /* Frameworks */,
			);
			buildRules = (
			);
			dependencies = (
			);
			name = AnimaXS;
			packageProductDependencies = (
				594D2C66F916CBD132EA5517 /* Tokenizers */,
				A3FB76126987D0B653947E56 /* Hub */,
			);
			productName = AnimaXS;
			productReference = D8E235B12BDFBC6DCA8B439E /* AnimaXS.app */;
			productType = "com.apple.product-type.application";
		};
/* End PBXNativeTarget section */

/* Begin PBXProject section */
		4733305365B2F4FD489C2937 /* Project object */ = {
			isa = PBXProject;
			attributes = {
				BuildIndependentTargetsInParallel = YES;
				LastUpgradeCheck = 1430;
				TargetAttributes = {
					31743B0CCE4C53F8C84CDC93 = {
						ProvisioningStyle = Automatic;
					};
					E0AB95B487E4C4F359399D9D = {
						ProvisioningStyle = Automatic;
					};
				};
			};
			buildConfigurationList = 49678EFD20DCDE3360C54D37 /* Build configuration list for PBXProject "AnimaXS" */;
			developmentRegion = en;
			hasScannedForEncodings = 0;
			knownRegions = (
				Base,
				en,
			);
			mainGroup = A6B41806264C493292764B9B;
			minimizedProjectReferenceProxies = 1;
			packageReferences = (
				A64A67BA9D56C4A82C812211 /* XCRemoteSwiftPackageReference "swift-transformers" */,
			);
			preferredProjectObjectVersion = 77;
			productRefGroup = 1F88044D4A8DADCE956D8301 /* Products */;
			projectDirPath = "";
			projectRoot = "";
			targets = (
				E0AB95B487E4C4F359399D9D /* AnimaXS */,
				31743B0CCE4C53F8C84CDC93 /* AnimaXSTests */,
			);
		};
/* End PBXProject section */

/* Begin PBXResourcesBuildPhase section */
		7177F1284E76441C5F1A771E /* Resources */ = {
			isa = PBXResourcesBuildPhase;
			buildActionMask = 2147483647;
			files = (
				B1F8396CD4627BF03101D935 /* case1_danbooru_seed1337_fixture.json in Resources */,
				C11949003CD5B39806C65EA3 /* tokenizer_reference_ids.json in Resources */,
			);
			runOnlyForDeploymentPostprocessing = 0;
		};
		79A2CBBEA072F0D9052C5053 /* Resources */ = {
			isa = PBXResourcesBuildPhase;
			buildActionMask = 2147483647;
			files = (
				EED314EA6D67446AAFE181EC /* README.md in Resources */,
				2F02983AD55700559562DA54 /* qwen_tokenizer.json in Resources */,
				71B669F9AF60FB45E4842F57 /* t5_special_tokens_map.json in Resources */,
				02F04575BA38C8AAF591B6C2 /* t5_tokenizer.json in Resources */,
				BF1511FA336984DB3696C3E4 /* t5_tokenizer_config.json in Resources */,
			);
			runOnlyForDeploymentPostprocessing = 0;
		};
/* End PBXResourcesBuildPhase section */

/* Begin PBXSourcesBuildPhase section */
		7760847BCFE8B328DA7DDC64 /* Sources */ = {
			isa = PBXSourcesBuildPhase;
			buildActionMask = 2147483647;
			files = (
				5A84CFBB6B28FE55EBE82D86 /* AnimapkParsingTests.swift in Sources */,
				B31B0A2D248ABF6D51FE0F55 /* AnimapkRangeLocatorTests.swift in Sources */,
				C34BFD1164209CD709A5A9F8 /* AttentionExecutorTests.swift in Sources */,
				E4237CF411C2158613158D83 /* DiTBlockExecutorTests.swift in Sources */,
				CFD7E41C92A70D6B5ED05B8A /* DiTBlockTests.swift in Sources */,
				2AB966E0818F8C5953CC0DB0 /* DiTFinalLayerExecutorTests.swift in Sources */,
				774F60C7B433299EA6C55C9B /* DiTInputTests.swift in Sources */,
				AF5BAAFDACD2451A4B01C9E4 /* DitRoPETests.swift in Sources */,
				8E5DA5D7D9950B728513D3E5 /* GqaHeadMappingTests.swift in Sources */,
				7DB2CBB89F9ABC72D09B6089 /* LLMAdapterTests.swift in Sources */,
				36DCBB069B8AE8C6D90A5115 /* LinearExecutorTests.swift in Sources */,
				E97696F3A4744A08C6A895BF /* MetalExecutionTests.swift in Sources */,
				7387F6A165EC6A2781B76716 /* ModulationTests.swift in Sources */,
				89975ACE65D7BB793965DA7B /* QuantDecoderTests.swift in Sources */,
				19655429A907FC60821F1867 /* RealPackDecoderTests.swift in Sources */,
				1CE2D9C17323437A5B23EBF3 /* ReferenceTestsPlaceholder.swift in Sources */,
				5D62EA8796701F40539F86DA /* SmokeTests.swift in Sources */,
				79E4DFD6600B4D04E8C93CD6 /* TestExtensions.swift in Sources */,
				556D3B10877CD4D85A9D4D9F /* TestPackFactory.swift in Sources */,
				6534C4B5076F415D14D07AA2 /* TimestepEmbedderTests.swift in Sources */,
				21F05B3A1A0BB661716C0512 /* TokenizerParityTests.swift in Sources */,
			);
			runOnlyForDeploymentPostprocessing = 0;
		};
		BAAFC4E5A4001B6329DC9211 /* Sources */ = {
			isa = PBXSourcesBuildPhase;
			buildActionMask = 2147483647;
			files = (
				1303514D8DBE7F84010B07A7 /* AnimaKernels.metal in Sources */,
				7CD76E6444C119FE1BDBC89F /* AnimaXSApp.swift in Sources */,
				FC52DE8FE0010D498F008967 /* AnimapkFile.swift in Sources */,
				6047DFE4E9621A2084E5679B /* AnimapkHeader.swift in Sources */,
				8F07F57A8F85D199B51B2F3C /* AnimapkRangeLocator.swift in Sources */,
				7E991650CBABF20B20E112AE /* AnimapkTensor.swift in Sources */,
				473AE0F68178293C9A58882C /* AttentionExecutor.swift in Sources */,
				30116E9CBC6BF3DBEA66C41E /* ContentView.swift in Sources */,
				1E52ED71A9AD8B33A91D049C /* Crc32.swift in Sources */,
				BD81C9C99347181C9AB1E4B2 /* DiTBlockCPU.swift in Sources */,
				5EE94D1820B6B114D1B66907 /* DiTBlockExecutor.swift in Sources */,
				0A89B983F4DC0739BE8E3767 /* DiTFinalLayerExecutor.swift in Sources */,
				47ABE68F485121B325537344 /* DiTInput.swift in Sources */,
				0CC965727D9BE3124B87BC36 /* DiTWeights.swift in Sources */,
				22A697C29A4FE1F67A25D118 /* DitForward.swift in Sources */,
				4CF42C1FB7991B03E9360B0D /* DitRoPE.swift in Sources */,
				263D4D4D7FB4D3766DF07296 /* LLMAdapter.swift in Sources */,
				24E784492B6C7FD49E64D227 /* LinearExecutor.swift in Sources */,
				EEB3C16094E91013C9ABB9CA /* MappedFile.swift in Sources */,
				938A4049C06BE05E39F6BCC1 /* MetalContext.swift in Sources */,
				869CE73742B23D7225305BC1 /* ModelConstants.swift in Sources */,
				CC5F144445E89AD37FF24021 /* Modulation.swift in Sources */,
				5506617DD3116BF72E8154BD /* QuantDecoders.swift in Sources */,
				E8B287C14227EAB23ED6D5DB /* QwenEncoderCPU.swift in Sources */,
				914187C1B6254DDCA7ED3C32 /* QwenNumerics.swift in Sources */,
				D49309A80BBD9F702F9E71A8 /* TimestepEmbedder.swift in Sources */,
				027A9C7FE57956074F77229D /* TokenizerLoader.swift in Sources */,
				AD481E2836797AA5BE0359AA /* WeightStreamer.swift in Sources */,
			);
			runOnlyForDeploymentPostprocessing = 0;
		};
/* End PBXSourcesBuildPhase section */

/* Begin PBXTargetDependency section */
		F74245E961E823BFE12E7C9B /* PBXTargetDependency */ = {
			isa = PBXTargetDependency;
			target = E0AB95B487E4C4F359399D9D /* AnimaXS */;
			targetProxy = 6B0F7F23BBC82712489468E6 /* PBXContainerItemProxy */;
		};
/* End PBXTargetDependency section */

/* Begin XCBuildConfiguration section */
		0BC6CE34512E0101042DA4EC /* Debug */ = {
			isa = XCBuildConfiguration;
			buildSettings = {
				ASSETCATALOG_COMPILER_APPICON_NAME = AppIcon;
				CODE_SIGN_IDENTITY = "iPhone Developer";
				CURRENT_PROJECT_VERSION = 1;
				GENERATE_INFOPLIST_FILE = NO;
				INFOPLIST_FILE = AnimaXS/Info.plist;
				LD_RUNPATH_SEARCH_PATHS = (
					"$(inherited)",
					"@executable_path/Frameworks",
				);
				MARKETING_VERSION = 1.0;
				PRODUCT_BUNDLE_IDENTIFIER = com.invisiblestrangler.AnimaXS;
				SDKROOT = iphoneos;
				SUPPORTS_MACCATALYST = NO;
				TARGETED_DEVICE_FAMILY = "1,2";
			};
			name = Debug;
		};
		30D42BBFFB859B491256E180 /* Release */ = {
			isa = XCBuildConfiguration;
			buildSettings = {
				BUNDLE_LOADER = "$(TEST_HOST)";
				GENERATE_INFOPLIST_FILE = YES;
				LD_RUNPATH_SEARCH_PATHS = (
					"$(inherited)",
					"@executable_path/Frameworks",
					"@loader_path/Frameworks",
				);
				PRODUCT_BUNDLE_IDENTIFIER = com.invisiblestrangler.AnimaXSTests;
				SDKROOT = iphoneos;
				TARGETED_DEVICE_FAMILY = "1,2";
				TEST_HOST = "$(BUILT_PRODUCTS_DIR)/AnimaXS.app/AnimaXS";
			};
			name = Release;
		};
		4BAA990F798851E58DAF2E3B /* Release */ = {
			isa = XCBuildConfiguration;
			buildSettings = {
				ASSETCATALOG_COMPILER_APPICON_NAME = AppIcon;
				CODE_SIGN_IDENTITY = "iPhone Developer";
				CURRENT_PROJECT_VERSION = 1;
				GENERATE_INFOPLIST_FILE = NO;
				INFOPLIST_FILE = AnimaXS/Info.plist;
				LD_RUNPATH_SEARCH_PATHS = (
					"$(inherited)",
					"@executable_path/Frameworks",
				);
				MARKETING_VERSION = 1.0;
				PRODUCT_BUNDLE_IDENTIFIER = com.invisiblestrangler.AnimaXS;
				SDKROOT = iphoneos;
				SUPPORTS_MACCATALYST = NO;
				TARGETED_DEVICE_FAMILY = "1,2";
			};
			name = Release;
		};
		8339F98EDF5EBA5FF8200F41 /* Debug */ = {
			isa = XCBuildConfiguration;
			buildSettings = {
				BUNDLE_LOADER = "$(TEST_HOST)";
				GENERATE_INFOPLIST_FILE = YES;
				LD_RUNPATH_SEARCH_PATHS = (
					"$(inherited)",
					"@executable_path/Frameworks",
					"@loader_path/Frameworks",
				);
				PRODUCT_BUNDLE_IDENTIFIER = com.invisiblestrangler.AnimaXSTests;
				SDKROOT = iphoneos;
				TARGETED_DEVICE_FAMILY = "1,2";
				TEST_HOST = "$(BUILT_PRODUCTS_DIR)/AnimaXS.app/AnimaXS";
			};
			name = Debug;
		};
		B6A3F3FE4818DCE044425843 /* Debug */ = {
			isa = XCBuildConfiguration;
			buildSettings = {
				ALWAYS_SEARCH_USER_PATHS = NO;
				CLANG_ANALYZER_NONNULL = YES;
				CLANG_ANALYZER_NUMBER_OBJECT_CONVERSION = YES_AGGRESSIVE;
				CLANG_CXX_LANGUAGE_STANDARD = "gnu++14";
				CLANG_CXX_LIBRARY = "libc++";
				CLANG_ENABLE_MODULES = YES;
				CLANG_ENABLE_OBJC_ARC = YES;
				CLANG_ENABLE_OBJC_WEAK = YES;
				CLANG_WARN_BLOCK_CAPTURE_AUTORELEASING = YES;
				CLANG_WARN_BOOL_CONVERSION = YES;
				CLANG_WARN_COMMA = YES;
				CLANG_WARN_CONSTANT_CONVERSION = YES;
				CLANG_WARN_DEPRECATED_OBJC_IMPLEMENTATIONS = YES;
				CLANG_WARN_DIRECT_OBJC_ISA_USAGE = YES_ERROR;
				CLANG_WARN_DOCUMENTATION_COMMENTS = YES;
				CLANG_WARN_EMPTY_BODY = YES;
				CLANG_WARN_ENUM_CONVERSION = YES;
				CLANG_WARN_INFINITE_RECURSION = YES;
				CLANG_WARN_INT_CONVERSION = YES;
				CLANG_WARN_NON_LITERAL_NULL_CONVERSION = YES;
				CLANG_WARN_OBJC_IMPLICIT_RETAIN_SELF = YES;
				CLANG_WARN_OBJC_LITERAL_CONVERSION = YES;
				CLANG_WARN_OBJC_ROOT_CLASS = YES_ERROR;
				CLANG_WARN_QUOTED_INCLUDE_IN_FRAMEWORK_HEADER = YES;
				CLANG_WARN_RANGE_LOOP_ANALYSIS = YES;
				CLANG_WARN_STRICT_PROTOTYPES = YES;
				CLANG_WARN_SUSPICIOUS_MOVE = YES;
				CLANG_WARN_UNGUARDED_AVAILABILITY = YES_AGGRESSIVE;
				CLANG_WARN_UNREACHABLE_CODE = YES;
				CLANG_WARN__DUPLICATE_METHOD_MATCH = YES;
				CODE_SIGN_STYLE = Automatic;
				COPY_PHASE_STRIP = NO;
				DEBUG_INFORMATION_FORMAT = dwarf;
				ENABLE_STRICT_OBJC_MSGSEND = YES;
				ENABLE_TESTABILITY = YES;
				ENABLE_USER_SCRIPT_SANDBOXING = NO;
				GCC_C_LANGUAGE_STANDARD = gnu11;
				GCC_DYNAMIC_NO_PIC = NO;
				GCC_NO_COMMON_BLOCKS = YES;
				GCC_OPTIMIZATION_LEVEL = 0;
				GCC_PREPROCESSOR_DEFINITIONS = (
					"$(inherited)",
					"DEBUG=1",
				);
				GCC_WARN_64_TO_32_BIT_CONVERSION = YES;
				GCC_WARN_ABOUT_RETURN_TYPE = YES_ERROR;
				GCC_WARN_UNDECLARED_SELECTOR = YES;
				GCC_WARN_UNINITIALIZED_AUTOS = YES_AGGRESSIVE;
				GCC_WARN_UNUSED_FUNCTION = YES;
				GCC_WARN_UNUSED_VARIABLE = YES;
				IPHONEOS_DEPLOYMENT_TARGET = 18.0;
				MTL_ENABLE_DEBUG_INFO = INCLUDE_SOURCE;
				MTL_FAST_MATH = YES;
				ONLY_ACTIVE_ARCH = YES;
				PRODUCT_NAME = "$(TARGET_NAME)";
				SDKROOT = iphoneos;
				SWIFT_ACTIVE_COMPILATION_CONDITIONS = DEBUG;
				SWIFT_OPTIMIZATION_LEVEL = "-Onone";
				SWIFT_VERSION = 5.0;
			};
			name = Debug;
		};
		F48EA2EA3070CC31C2BF6EA6 /* Release */ = {
			isa = XCBuildConfiguration;
			buildSettings = {
				ALWAYS_SEARCH_USER_PATHS = NO;
				CLANG_ANALYZER_NONNULL = YES;
				CLANG_ANALYZER_NUMBER_OBJECT_CONVERSION = YES_AGGRESSIVE;
				CLANG_CXX_LANGUAGE_STANDARD = "gnu++14";
				CLANG_CXX_LIBRARY = "libc++";
				CLANG_ENABLE_MODULES = YES;
				CLANG_ENABLE_OBJC_ARC = YES;
				CLANG_ENABLE_OBJC_WEAK = YES;
				CLANG_WARN_BLOCK_CAPTURE_AUTORELEASING = YES;
				CLANG_WARN_BOOL_CONVERSION = YES;
				CLANG_WARN_COMMA = YES;
				CLANG_WARN_CONSTANT_CONVERSION = YES;
				CLANG_WARN_DEPRECATED_OBJC_IMPLEMENTATIONS = YES;
				CLANG_WARN_DIRECT_OBJC_ISA_USAGE = YES_ERROR;
				CLANG_WARN_DOCUMENTATION_COMMENTS = YES;
				CLANG_WARN_EMPTY_BODY = YES;
				CLANG_WARN_ENUM_CONVERSION = YES;
				CLANG_WARN_INFINITE_RECURSION = YES;
				CLANG_WARN_INT_CONVERSION = YES;
				CLANG_WARN_NON_LITERAL_NULL_CONVERSION = YES;
				CLANG_WARN_OBJC_IMPLICIT_RETAIN_SELF = YES;
				CLANG_WARN_OBJC_LITERAL_CONVERSION = YES;
				CLANG_WARN_OBJC_ROOT_CLASS = YES_ERROR;
				CLANG_WARN_QUOTED_INCLUDE_IN_FRAMEWORK_HEADER = YES;
				CLANG_WARN_RANGE_LOOP_ANALYSIS = YES;
				CLANG_WARN_STRICT_PROTOTYPES = YES;
				CLANG_WARN_SUSPICIOUS_MOVE = YES;
				CLANG_WARN_UNGUARDED_AVAILABILITY = YES_AGGRESSIVE;
				CLANG_WARN_UNREACHABLE_CODE = YES;
				CLANG_WARN__DUPLICATE_METHOD_MATCH = YES;
				CODE_SIGN_STYLE = Automatic;
				COPY_PHASE_STRIP = NO;
				DEBUG_INFORMATION_FORMAT = "dwarf-with-dsym";
				ENABLE_NS_ASSERTIONS = NO;
				ENABLE_STRICT_OBJC_MSGSEND = YES;
				ENABLE_USER_SCRIPT_SANDBOXING = NO;
				GCC_C_LANGUAGE_STANDARD = gnu11;
				GCC_NO_COMMON_BLOCKS = YES;
				GCC_WARN_64_TO_32_BIT_CONVERSION = YES;
				GCC_WARN_ABOUT_RETURN_TYPE = YES_ERROR;
				GCC_WARN_UNDECLARED_SELECTOR = YES;
				GCC_WARN_UNINITIALIZED_AUTOS = YES_AGGRESSIVE;
				GCC_WARN_UNUSED_FUNCTION = YES;
				GCC_WARN_UNUSED_VARIABLE = YES;
				IPHONEOS_DEPLOYMENT_TARGET = 18.0;
				MTL_ENABLE_DEBUG_INFO = NO;
				MTL_FAST_MATH = YES;
				PRODUCT_NAME = "$(TARGET_NAME)";
				SDKROOT = iphoneos;
				SWIFT_COMPILATION_MODE = wholemodule;
				SWIFT_OPTIMIZATION_LEVEL = "-O";
				SWIFT_VERSION = 5.0;
			};
			name = Release;
		};
/* End XCBuildConfiguration section */

/* Begin XCConfigurationList section */
		49678EFD20DCDE3360C54D37 /* Build configuration list for PBXProject "AnimaXS" */ = {
			isa = XCConfigurationList;
			buildConfigurations = (
				B6A3F3FE4818DCE044425843 /* Debug */,
				F48EA2EA3070CC31C2BF6EA6 /* Release */,
			);
			defaultConfigurationIsVisible = 0;
			defaultConfigurationName = Debug;
		};
		9C02DE68F583127599884A97 /* Build configuration list for PBXNativeTarget "AnimaXSTests" */ = {
			isa = XCConfigurationList;
			buildConfigurations = (
				8339F98EDF5EBA5FF8200F41 /* Debug */,
				30D42BBFFB859B491256E180 /* Release */,
			);
			defaultConfigurationIsVisible = 0;
			defaultConfigurationName = Debug;
		};
		D69BD707899E1D6E005EF3D8 /* Build configuration list for PBXNativeTarget "AnimaXS" */ = {
			isa = XCConfigurationList;
			buildConfigurations = (
				0BC6CE34512E0101042DA4EC /* Debug */,
				4BAA990F798851E58DAF2E3B /* Release */,
			);
			defaultConfigurationIsVisible = 0;
			defaultConfigurationName = Debug;
		};
/* End XCConfigurationList section */

/* Begin XCRemoteSwiftPackageReference section */
		A64A67BA9D56C4A82C812211 /* XCRemoteSwiftPackageReference "swift-transformers" */ = {
			isa = XCRemoteSwiftPackageReference;
			repositoryURL = "https://github.com/huggingface/swift-transformers";
			requirement = {
				kind = exactVersion;
				version = 1.3.3;
			};
		};
/* End XCRemoteSwiftPackageReference section */

/* Begin XCSwiftPackageProductDependency section */
		594D2C66F916CBD132EA5517 /* Tokenizers */ = {
			isa = XCSwiftPackageProductDependency;
			package = A64A67BA9D56C4A82C812211 /* XCRemoteSwiftPackageReference "swift-transformers" */;
			productName = Tokenizers;
		};
		A3FB76126987D0B653947E56 /* Hub */ = {
			isa = XCSwiftPackageProductDependency;
			package = A64A67BA9D56C4A82C812211 /* XCRemoteSwiftPackageReference "swift-transformers" */;
			productName = Hub;
		};
/* End XCSwiftPackageProductDependency section */
	};
	rootObject = 4733305365B2F4FD489C2937 /* Project object */;
}
